
Microsoft Visual Studio Solution File, Format Version 12.00
# Visual Studio 2013
VisualStudioVersion = 12.0.31101.0
MinimumVisualStudioVersion = 10.0.40219.1
Project("{FAE04EC0-301F-11D3-BF4B-00C04F79EFBC}") = "Console Tester", "Console Tester\Console Tester.csproj", "{8637686A-F9A6-43DF-8DDD-D1F561DFB93E}"
	ProjectSection(ProjectDependencies) = postProject
		{1DB6F359-2F63-462B-A70D-B869F2FC25A5} = {1DB6F359-2F63-462B-A70D-B869F2FC25A5}
		{AF7BBD60-8F4D-4A91-9674-B6FF999881A5} = {AF7BBD60-8F4D-4A91-9674-B6FF999881A5}
	EndProjectSection
EndProject
Project("{FAE04EC0-301F-11D3-BF4B-00C04F79EFBC}") = "Alarm", "Alarm\Alarm.csproj", "{742AD387-D47D-40A6-90B7-63DEFA536B8A}"
	ProjectSection(ProjectDependencies) = postProject
		{AF7BBD60-8F4D-4A91-9674-B6FF999881A5} = {AF7BBD60-8F4D-4A91-9674-B6FF999881A5}
	EndProjectSection
EndProject
Project("{FAE04EC0-301F-11D3-BF4B-00C04F79EFBC}") = "Module", "Module\Module.csproj", "{AF7BBD60-8F4D-4A91-9674-B6FF999881A5}"
EndProject
Project("{FAE04EC0-301F-11D3-BF4B-00C04F79EFBC}") = "Emergency", "Emergency\Emergency.csproj", "{F2838064-F2E4-44A0-8039-D8DCF5BB7D93}"
EndProject
Project("{FAE04EC0-301F-11D3-BF4B-00C04F79EFBC}") = "AssemblyLoader", "AssemblyLoader\AssemblyLoader.csproj", "{55EDA1A9-FD54-4D2B-8C64-1540CFA3A5D8}"
EndProject
Project("{FAE04EC0-301F-11D3-BF4B-00C04F79EFBC}") = "DomainMediator", "DomainMediator\DomainMediator.csproj", "{2295A292-845D-45B0-8160-7CA6E9ED3807}"
EndProject
Project("{FAE04EC0-301F-11D3-BF4B-00C04F79EFBC}") = "KeywordsExtractor", "KeywordsExtractor\KeywordsExtractor.csproj", "{353E9566-79F0-4997-A735-AFB743643EDB}"
EndProject
Project("{FAE04EC0-301F-11D3-BF4B-00C04F79EFBC}") = "PerformanceMonitor", "..\..\CPU_RAM_HDD_Monitor\PerformanceMonitor\PerformanceMonitor.csproj", "{98AD3673-0E9E-4566-BD5E-7F20E9D05970}"
EndProject
Project("{FAE04EC0-301F-11D3-BF4B-00C04F79EFBC}") = "WPF Tester", "WPF Tester\WPF Tester.csproj", "{073811DC-8020-490D-8D99-78902217379D}"
EndProject
Project("{FAE04EC0-301F-11D3-BF4B-00C04F79EFBC}") = "Motherboard", "Motherboard\Motherboard.csproj", "{1DB6F359-2F63-462B-A70D-B869F2FC25A5}"
	ProjectSection(ProjectDependencies) = postProject
		{AF7BBD60-8F4D-4A91-9674-B6FF999881A5} = {AF7BBD60-8F4D-4A91-9674-B6FF999881A5}
		{353E9566-79F0-4997-A735-AFB743643EDB} = {353E9566-79F0-4997-A735-AFB743643EDB}
		{2295A292-845D-45B0-8160-7CA6E9ED3807} = {2295A292-845D-45B0-8160-7CA6E9ED3807}
		{55EDA1A9-FD54-4D2B-8C64-1540CFA3A5D8} = {55EDA1A9-FD54-4D2B-8C64-1540CFA3A5D8}
	EndProjectSection
EndProject
Project("{2150E333-8FDC-42A3-9474-1A3956D46DE8}") = "Structure", "Structure", "{72DFCA5C-264F-4749-9988-373D3C5AA603}"
EndProject
Project("{2150E333-8FDC-42A3-9474-1A3956D46DE8}") = "Base", "Base", "{3713FA03-F9F0-41F4-91D0-634FA43BAC13}"
EndProject
Project("{2150E333-8FDC-42A3-9474-1A3956D46DE8}") = "Modules", "Modules", "{BBBF1539-08BD-4FCE-9EF2-DDCE1D13123D}"
EndProject
Project("{2150E333-8FDC-42A3-9474-1A3956D46DE8}") = "Functionality", "Functionality", "{1CDDD945-8595-4A70-8C6F-5BB1B3E9390E}"
EndProject
Project("{2150E333-8FDC-42A3-9474-1A3956D46DE8}") = "Testers", "Testers", "{5960218D-A48D-46F5-A222-1478559C691B}"
EndProject
Project("{2150E333-8FDC-42A3-9474-1A3956D46DE8}") = "DomainSpecific", "DomainSpecific", "{63002391-7B7B-41EB-8D0A-E3235E4B843E}"
EndProject
Global
	GlobalSection(SolutionConfigurationPlatforms) = preSolution
		Debug|Any CPU = Debug|Any CPU
		Release|Any CPU = Release|Any CPU
	EndGlobalSection
	GlobalSection(ProjectConfigurationPlatforms) = postSolution
		{8637686A-F9A6-43DF-8DDD-D1F561DFB93E}.Debug|Any CPU.ActiveCfg = Debug|Any CPU
		{8637686A-F9A6-43DF-8DDD-D1F561DFB93E}.Debug|Any CPU.Build.0 = Debug|Any CPU
		{8637686A-F9A6-43DF-8DDD-D1F561DFB93E}.Release|Any CPU.ActiveCfg = Release|Any CPU
		{8637686A-F9A6-43DF-8DDD-D1F561DFB93E}.Release|Any CPU.Build.0 = Release|Any CPU
		{742AD387-D47D-40A6-90B7-63DEFA536B8A}.Debug|Any CPU.ActiveCfg = Debug|Any CPU
		{742AD387-D47D-40A6-90B7-63DEFA536B8A}.Debug|Any CPU.Build.0 = Debug|Any CPU
		{742AD387-D47D-40A6-90B7-63DEFA536B8A}.Release|Any CPU.ActiveCfg = Release|Any CPU
		{742AD387-D47D-40A6-90B7-63DEFA536B8A}.Release|Any CPU.Build.0 = Release|Any CPU
		{AF7BBD60-8F4D-4A91-9674-B6FF999881A5}.Debug|Any CPU.ActiveCfg = Debug|Any CPU
		{AF7BBD60-8F4D-4A91-9674-B6FF999881A5}.Debug|Any CPU.Build.0 = Debug|Any CPU
		{AF7BBD60-8F4D-4A91-9674-B6FF999881A5}.Release|Any CPU.ActiveCfg = Release|Any CPU
		{AF7BBD60-8F4D-4A91-9674-B6FF999881A5}.Release|Any CPU.Build.0 = Release|Any CPU
		{F2838064-F2E4-44A0-8039-D8DCF5BB7D93}.Debug|Any CPU.ActiveCfg = Debug|Any CPU
		{F2838064-F2E4-44A0-8039-D8DCF5BB7D93}.Debug|Any CPU.Build.0 = Debug|Any CPU
		{F2838064-F2E4-44A0-8039-D8DCF5BB7D93}.Release|Any CPU.ActiveCfg = Release|Any CPU
		{F2838064-F2E4-44A0-8039-D8DCF5BB7D93}.Release|Any CPU.Build.0 = Release|Any CPU
		{55EDA1A9-FD54-4D2B-8C64-1540CFA3A5D8}.Debug|Any CPU.ActiveCfg = Debug|Any CPU
		{55EDA1A9-FD54-4D2B-8C64-1540CFA3A5D8}.Debug|Any CPU.Build.0 = Debug|Any CPU
		{55EDA1A9-FD54-4D2B-8C64-1540CFA3A5D8}.Release|Any CPU.ActiveCfg = Release|Any CPU
		{55EDA1A9-FD54-4D2B-8C64-1540CFA3A5D8}.Release|Any CPU.Build.0 = Release|Any CPU
		{2295A292-845D-45B0-8160-7CA6E9ED3807}.Debug|Any CPU.ActiveCfg = Debug|Any CPU
		{2295A292-845D-45B0-8160-7CA6E9ED3807}.Debug|Any CPU.Build.0 = Debug|Any CPU
		{2295A292-845D-45B0-8160-7CA6E9ED3807}.Release|Any CPU.ActiveCfg = Release|Any CPU
		{2295A292-845D-45B0-8160-7CA6E9ED3807}.Release|Any CPU.Build.0 = Release|Any CPU
		{353E9566-79F0-4997-A735-AFB743643EDB}.Debug|Any CPU.ActiveCfg = Debug|Any CPU
		{353E9566-79F0-4997-A735-AFB743643EDB}.Debug|Any CPU.Build.0 = Debug|Any CPU
		{353E9566-79F0-4997-A735-AFB743643EDB}.Release|Any CPU.ActiveCfg = Release|Any CPU
		{353E9566-79F0-4997-A735-AFB743643EDB}.Release|Any CPU.Build.0 = Release|Any CPU
		{98AD3673-0E9E-4566-BD5E-7F20E9D05970}.Debug|Any CPU.ActiveCfg = Debug|Any CPU
		{98AD3673-0E9E-4566-BD5E-7F20E9D05970}.Debug|Any CPU.Build.0 = Debug|Any CPU
		{98AD3673-0E9E-4566-BD5E-7F20E9D05970}.Release|Any CPU.ActiveCfg = Release|Any CPU
		{98AD3673-0E9E-4566-BD5E-7F20E9D05970}.Release|Any CPU.Build.0 = Release|Any CPU
		{073811DC-8020-490D-8D99-78902217379D}.Debug|Any CPU.ActiveCfg = Debug|Any CPU
		{073811DC-8020-490D-8D99-78902217379D}.Debug|Any CPU.Build.0 = Debug|Any CPU
		{073811DC-8020-490D-8D99-78902217379D}.Release|Any CPU.ActiveCfg = Release|Any CPU
		{073811DC-8020-490D-8D99-78902217379D}.Release|Any CPU.Build.0 = Release|Any CPU
		{1DB6F359-2F63-462B-A70D-B869F2FC25A5}.Debug|Any CPU.ActiveCfg = Debug|Any CPU
		{1DB6F359-2F63-462B-A70D-B869F2FC25A5}.Debug|Any CPU.Build.0 = Debug|Any CPU
		{1DB6F359-2F63-462B-A70D-B869F2FC25A5}.Release|Any CPU.ActiveCfg = Release|Any CPU
		{1DB6F359-2F63-462B-A70D-B869F2FC25A5}.Release|Any CPU.Build.0 = Release|Any CPU
	EndGlobalSection
	GlobalSection(SolutionProperties) = preSolution
		HideSolutionNode = FALSE
	EndGlobalSection
	GlobalSection(NestedProjects) = preSolution
		{8637686A-F9A6-43DF-8DDD-D1F561DFB93E} = {5960218D-A48D-46F5-A222-1478559C691B}
		{742AD387-D47D-40A6-90B7-63DEFA536B8A} = {BBBF1539-08BD-4FCE-9EF2-DDCE1D13123D}
		{AF7BBD60-8F4D-4A91-9674-B6FF999881A5} = {3713FA03-F9F0-41F4-91D0-634FA43BAC13}
		{F2838064-F2E4-44A0-8039-D8DCF5BB7D93} = {BBBF1539-08BD-4FCE-9EF2-DDCE1D13123D}
		{55EDA1A9-FD54-4D2B-8C64-1540CFA3A5D8} = {63002391-7B7B-41EB-8D0A-E3235E4B843E}
		{2295A292-845D-45B0-8160-7CA6E9ED3807} = {63002391-7B7B-41EB-8D0A-E3235E4B843E}
		{353E9566-79F0-4997-A735-AFB743643EDB} = {63002391-7B7B-41EB-8D0A-E3235E4B843E}
		{073811DC-8020-490D-8D99-78902217379D} = {5960218D-A48D-46F5-A222-1478559C691B}
		{1DB6F359-2F63-462B-A70D-B869F2FC25A5} = {3713FA03-F9F0-41F4-91D0-634FA43BAC13}
		{3713FA03-F9F0-41F4-91D0-634FA43BAC13} = {72DFCA5C-264F-4749-9988-373D3C5AA603}
		{BBBF1539-08BD-4FCE-9EF2-DDCE1D13123D} = {72DFCA5C-264F-4749-9988-373D3C5AA603}
		{5960218D-A48D-46F5-A222-1478559C691B} = {1CDDD945-8595-4A70-8C6F-5BB1B3E9390E}
		{63002391-7B7B-41EB-8D0A-E3235E4B843E} = {1CDDD945-8595-4A70-8C6F-5BB1B3E9390E}
	EndGlobalSection
EndGlobal
