
Microsoft Visual Studio Solution File, Format Version 12.00
# Visual Studio 2013
VisualStudioVersion = 12.0.31101.0
MinimumVisualStudioVersion = 10.0.40219.1
Project("{FAE04EC0-301F-11D3-BF4B-00C04F79EFBC}") = "Console Tester", "Console Tester\Console Tester.csproj", "{8637686A-F9A6-43DF-8DDD-D1F561DFB93E}"
EndProject
Project("{FAE04EC0-301F-11D3-BF4B-00C04F79EFBC}") = "Alarm", "Alarm\Alarm.csproj", "{742AD387-D47D-40A6-90B7-63DEFA536B8A}"
EndProject
Project("{FAE04EC0-301F-11D3-BF4B-00C04F79EFBC}") = "Module", "Module\Module.csproj", "{AF7BBD60-8F4D-4A91-9674-B6FF999881A5}"
EndProject
Project("{FAE04EC0-301F-11D3-BF4B-00C04F79EFBC}") = "Emergency", "Emergency\Emergency.csproj", "{F2838064-F2E4-44A0-8039-D8DCF5BB7D93}"
EndProject
Project("{FAE04EC0-301F-11D3-BF4B-00C04F79EFBC}") = "AssemblyLoader", "AssemblyLoader\AssemblyLoader.csproj", "{55EDA1A9-FD54-4D2B-8C64-1540CFA3A5D8}"
EndProject
Project("{FAE04EC0-301F-11D3-BF4B-00C04F79EFBC}") = "DomainMediator", "DomainMediator\DomainMediator.csproj", "{2295A292-845D-45B0-8160-7CA6E9ED3807}"
EndProject
Project("{FAE04EC0-301F-11D3-BF4B-00C04F79EFBC}") = "KeywordsExtractor", "KeywordsExtractor\KeywordsExtractor.csproj", "{353E9566-79F0-4997-A735-AFB743643EDB}"
EndProject
Global
	GlobalSection(SolutionConfigurationPlatforms) = preSolution
		Debug|Any CPU = Debug|Any CPU
		Release|Any CPU = Release|Any CPU
	EndGlobalSection
	GlobalSection(ProjectConfigurationPlatforms) = postSolution
		{8637686A-F9A6-43DF-8DDD-D1F561DFB93E}.Debug|Any CPU.ActiveCfg = Debug|Any CPU
		{8637686A-F9A6-43DF-8DDD-D1F561DFB93E}.Debug|Any CPU.Build.0 = Debug|Any CPU
		{8637686A-F9A6-43DF-8DDD-D1F561DFB93E}.Release|Any CPU.ActiveCfg = Release|Any CPU
		{8637686A-F9A6-43DF-8DDD-D1F561DFB93E}.Release|Any CPU.Build.0 = Release|Any CPU
		{742AD387-D47D-40A6-90B7-63DEFA536B8A}.Debug|Any CPU.ActiveCfg = Debug|Any CPU
		{742AD387-D47D-40A6-90B7-63DEFA536B8A}.Debug|Any CPU.Build.0 = Debug|Any CPU
		{742AD387-D47D-40A6-90B7-63DEFA536B8A}.Release|Any CPU.ActiveCfg = Release|Any CPU
		{742AD387-D47D-40A6-90B7-63DEFA536B8A}.Release|Any CPU.Build.0 = Release|Any CPU
		{AF7BBD60-8F4D-4A91-9674-B6FF999881A5}.Debug|Any CPU.ActiveCfg = Debug|Any CPU
		{AF7BBD60-8F4D-4A91-9674-B6FF999881A5}.Debug|Any CPU.Build.0 = Debug|Any CPU
		{AF7BBD60-8F4D-4A91-9674-B6FF999881A5}.Release|Any CPU.ActiveCfg = Release|Any CPU
		{AF7BBD60-8F4D-4A91-9674-B6FF999881A5}.Release|Any CPU.Build.0 = Release|Any CPU
		{F2838064-F2E4-44A0-8039-D8DCF5BB7D93}.Debug|Any CPU.ActiveCfg = Debug|Any CPU
		{F2838064-F2E4-44A0-8039-D8DCF5BB7D93}.Debug|Any CPU.Build.0 = Debug|Any CPU
		{F2838064-F2E4-44A0-8039-D8DCF5BB7D93}.Release|Any CPU.ActiveCfg = Release|Any CPU
		{F2838064-F2E4-44A0-8039-D8DCF5BB7D93}.Release|Any CPU.Build.0 = Release|Any CPU
		{55EDA1A9-FD54-4D2B-8C64-1540CFA3A5D8}.Debug|Any CPU.ActiveCfg = Debug|Any CPU
		{55EDA1A9-FD54-4D2B-8C64-1540CFA3A5D8}.Debug|Any CPU.Build.0 = Debug|Any CPU
		{55EDA1A9-FD54-4D2B-8C64-1540CFA3A5D8}.Release|Any CPU.ActiveCfg = Release|Any CPU
		{55EDA1A9-FD54-4D2B-8C64-1540CFA3A5D8}.Release|Any CPU.Build.0 = Release|Any CPU
		{2295A292-845D-45B0-8160-7CA6E9ED3807}.Debug|Any CPU.ActiveCfg = Debug|Any CPU
		{2295A292-845D-45B0-8160-7CA6E9ED3807}.Debug|Any CPU.Build.0 = Debug|Any CPU
		{2295A292-845D-45B0-8160-7CA6E9ED3807}.Release|Any CPU.ActiveCfg = Release|Any CPU
		{2295A292-845D-45B0-8160-7CA6E9ED3807}.Release|Any CPU.Build.0 = Release|Any CPU
		{353E9566-79F0-4997-A735-AFB743643EDB}.Debug|Any CPU.ActiveCfg = Debug|Any CPU
		{353E9566-79F0-4997-A735-AFB743643EDB}.Debug|Any CPU.Build.0 = Debug|Any CPU
		{353E9566-79F0-4997-A735-AFB743643EDB}.Release|Any CPU.ActiveCfg = Release|Any CPU
		{353E9566-79F0-4997-A735-AFB743643EDB}.Release|Any CPU.Build.0 = Release|Any CPU
	EndGlobalSection
	GlobalSection(SolutionProperties) = preSolution
		HideSolutionNode = FALSE
	EndGlobalSection
EndGlobal
